// !$*UTF8*$!
{
	archiveVersion = 1;
	classes = {
	};
	objectVersion = 50;
	objects = {

/* Begin PBXBuildFile section */
		6E0517D82183649200CFA66B /* BuyPremiumView.swift in Sources */ = {isa = PBXBuildFile; fileRef = 6E0517D72183649200CFA66B /* BuyPremiumView.swift */; };
		6E0517DA218365B700CFA66B /* BlockerView.swift in Sources */ = {isa = PBXBuildFile; fileRef = 6E0517D9218365B700CFA66B /* BlockerView.swift */; };
		6E4295FB21849A3000FA59B2 /* NavigationController.swift in Sources */ = {isa = PBXBuildFile; fileRef = 6E4295FA21849A3000FA59B2 /* NavigationController.swift */; };
		6E675789215FB1F300A574F7 /* vk.json in Resources */ = {isa = PBXBuildFile; fileRef = 6E675785215FB1F300A574F7 /* vk.json */; };
		6E67578A215FB1F300A574F7 /* instagram.json in Resources */ = {isa = PBXBuildFile; fileRef = 6E675786215FB1F300A574F7 /* instagram.json */; };
		6E67578B215FB1F300A574F7 /* twitter.json in Resources */ = {isa = PBXBuildFile; fileRef = 6E675787215FB1F300A574F7 /* twitter.json */; };
		6E67578C215FB1F300A574F7 /* facebook.json in Resources */ = {isa = PBXBuildFile; fileRef = 6E675788215FB1F300A574F7 /* facebook.json */; };
		6E67578D215FB39900A574F7 /* ContainerManager.swift in Sources */ = {isa = PBXBuildFile; fileRef = 80B863602156E147000AC175 /* ContainerManager.swift */; };
		8003299F2132AE2A00E951ED /* NSLayoutConstraintUtils.swift in Sources */ = {isa = PBXBuildFile; fileRef = 8003299E2132AE2A00E951ED /* NSLayoutConstraintUtils.swift */; };
		80153FFE212FF3BA00694C83 /* UIColorUtils.swift in Sources */ = {isa = PBXBuildFile; fileRef = 80153FFD212FF3BA00694C83 /* UIColorUtils.swift */; };
		80224A09215374D10086D2B0 /* ContentBlockerRequestHandler.swift in Sources */ = {isa = PBXBuildFile; fileRef = 80224A08215374D10086D2B0 /* ContentBlockerRequestHandler.swift */; };
		80224A0E215374D10086D2B0 /* contentBlocker.appex in Embed App Extensions */ = {isa = PBXBuildFile; fileRef = 80224A04215374D00086D2B0 /* contentBlocker.appex */; settings = {ATTRIBUTES = (RemoveHeadersOnCopy, ); }; };
		802421FA21370A720028F10F /* AvenirNext-DemiBold.ttf in Resources */ = {isa = PBXBuildFile; fileRef = 802421F721370A720028F10F /* AvenirNext-DemiBold.ttf */; };
		802421FB21370A720028F10F /* AvenirNext-Medium.ttf in Resources */ = {isa = PBXBuildFile; fileRef = 802421F821370A720028F10F /* AvenirNext-Medium.ttf */; };
		802421FC21370A720028F10F /* AvenirNext-Regular.ttf in Resources */ = {isa = PBXBuildFile; fileRef = 802421F921370A720028F10F /* AvenirNext-Regular.ttf */; };
		802421FE21370B190028F10F /* UIFontUtils.swift in Sources */ = {isa = PBXBuildFile; fileRef = 802421FD21370B190028F10F /* UIFontUtils.swift */; };
		804EAF1B2157AFAE00ECA055 /* SharedProtocols.swift in Sources */ = {isa = PBXBuildFile; fileRef = 804EAF1A2157AFAE00ECA055 /* SharedProtocols.swift */; };
		804EAF1C2157B0E300ECA055 /* SharedProtocols.swift in Sources */ = {isa = PBXBuildFile; fileRef = 804EAF1A2157AFAE00ECA055 /* SharedProtocols.swift */; };
		805338FC2150EEE700C30E31 /* ShadowView.swift in Sources */ = {isa = PBXBuildFile; fileRef = 805338FB2150EEE700C30E31 /* ShadowView.swift */; };
		8056A54B21345C1700973940 /* BlockerViewController.swift in Sources */ = {isa = PBXBuildFile; fileRef = 8056A54A21345C1700973940 /* BlockerViewController.swift */; };
		8056A54F213468C000973940 /* BlockerDataSource.swift in Sources */ = {isa = PBXBuildFile; fileRef = 8056A54E213468C000973940 /* BlockerDataSource.swift */; };
		8056A55121346E1F00973940 /* BlockerCellModel.swift in Sources */ = {isa = PBXBuildFile; fileRef = 8056A55021346E1F00973940 /* BlockerCellModel.swift */; };
		8056A55421348BEB00973940 /* BlockerReusableView.swift in Sources */ = {isa = PBXBuildFile; fileRef = 8056A55321348BEB00973940 /* BlockerReusableView.swift */; };
		8059EC83212D43AB004B40D1 /* Navigator.swift in Sources */ = {isa = PBXBuildFile; fileRef = 8059EC82212D43AB004B40D1 /* Navigator.swift */; };
		8059EC85212D440B004B40D1 /* AppNavigator.swift in Sources */ = {isa = PBXBuildFile; fileRef = 8059EC84212D440B004B40D1 /* AppNavigator.swift */; };
		8059EC87212D467E004B40D1 /* AppCoordinator.swift in Sources */ = {isa = PBXBuildFile; fileRef = 8059EC86212D467E004B40D1 /* AppCoordinator.swift */; };
		8059EC89212D4EFF004B40D1 /* SafariSetupViewController.swift in Sources */ = {isa = PBXBuildFile; fileRef = 8059EC88212D4EFF004B40D1 /* SafariSetupViewController.swift */; };
		805DB03E218B756100B1A772 /* OnboardingDataSource.swift in Sources */ = {isa = PBXBuildFile; fileRef = 805DB03D218B756100B1A772 /* OnboardingDataSource.swift */; };
		806066CA21692C5400C10A48 /* PopupDialogView.swift in Sources */ = {isa = PBXBuildFile; fileRef = 806066C921692C5400C10A48 /* PopupDialogView.swift */; };
		806066CC21692F9F00C10A48 /* UIViewUtils.swift in Sources */ = {isa = PBXBuildFile; fileRef = 806066CB21692F9F00C10A48 /* UIViewUtils.swift */; };
		806749F6212FDCB00084B303 /* OnboardingPageViewController.swift in Sources */ = {isa = PBXBuildFile; fileRef = 806749F5212FDCB00084B303 /* OnboardingPageViewController.swift */; };
		806ECCF32161098200B12C77 /* PopupView.swift in Sources */ = {isa = PBXBuildFile; fileRef = 806ECCF22161098200B12C77 /* PopupView.swift */; };
		80719E572182B45B00AA18E7 /* BlockerTableViewCell.swift in Sources */ = {isa = PBXBuildFile; fileRef = 80719E562182B45B00AA18E7 /* BlockerTableViewCell.swift */; };
		807D5CA52187903300034E6C /* RoundButton.swift in Sources */ = {isa = PBXBuildFile; fileRef = 807D5CA42187903300034E6C /* RoundButton.swift */; };
		807FA6E2212C72640040AAFF /* GoogleService-Info.plist in Resources */ = {isa = PBXBuildFile; fileRef = 807FA6E1212C72640040AAFF /* GoogleService-Info.plist */; };
		80969615211629B5001FA40A /* NetworkExtension.framework in Frameworks */ = {isa = PBXBuildFile; fileRef = 80969614211629B5001FA40A /* NetworkExtension.framework */; };
		80993E64216008D500E2D5D1 /* BlockerRulesProvider.swift in Sources */ = {isa = PBXBuildFile; fileRef = 80993E63216008D500E2D5D1 /* BlockerRulesProvider.swift */; };
		80B863612156E147000AC175 /* ContainerManager.swift in Sources */ = {isa = PBXBuildFile; fileRef = 80B863602156E147000AC175 /* ContainerManager.swift */; };
		80D235FF2149A64300789ED0 /* CustomSwitch.swift in Sources */ = {isa = PBXBuildFile; fileRef = 80D235FE2149A64300789ED0 /* CustomSwitch.swift */; };
		80FE096B211624A7008D07D7 /* AppDelegate.swift in Sources */ = {isa = PBXBuildFile; fileRef = 80FE096A211624A7008D07D7 /* AppDelegate.swift */; };
		80FE096D211624A7008D07D7 /* OnboardingViewController.swift in Sources */ = {isa = PBXBuildFile; fileRef = 80FE096C211624A7008D07D7 /* OnboardingViewController.swift */; };
		80FE0972211624A8008D07D7 /* Assets.xcassets in Resources */ = {isa = PBXBuildFile; fileRef = 80FE0971211624A8008D07D7 /* Assets.xcassets */; };
		80FE0975211624A8008D07D7 /* LaunchScreen.storyboard in Resources */ = {isa = PBXBuildFile; fileRef = 80FE0973211624A8008D07D7 /* LaunchScreen.storyboard */; };
		C69C3DF70AE43C20917DDB84 /* Pods_NoFeed.framework in Frameworks */ = {isa = PBXBuildFile; fileRef = 91662B9F9FB55D3F468AE320 /* Pods_NoFeed.framework */; };
/* End PBXBuildFile section */

/* Begin PBXContainerItemProxy section */
		80224A0B215374D10086D2B0 /* PBXContainerItemProxy */ = {
			isa = PBXContainerItemProxy;
			containerPortal = 80FE095F211624A7008D07D7 /* Project object */;
			proxyType = 1;
			remoteGlobalIDString = 80224A03215374D00086D2B0;
			remoteInfo = contentBlocker;
		};
/* End PBXContainerItemProxy section */

/* Begin PBXCopyFilesBuildPhase section */
		80224A0D215374D10086D2B0 /* Embed App Extensions */ = {
			isa = PBXCopyFilesBuildPhase;
			buildActionMask = 2147483647;
			dstPath = "";
			dstSubfolderSpec = 13;
			files = (
				80224A0E215374D10086D2B0 /* contentBlocker.appex in Embed App Extensions */,
			);
			name = "Embed App Extensions";
			runOnlyForDeploymentPostprocessing = 0;
		};
/* End PBXCopyFilesBuildPhase section */

/* Begin PBXFileReference section */
		6E0517D72183649200CFA66B /* BuyPremiumView.swift */ = {isa = PBXFileReference; lastKnownFileType = sourcecode.swift; path = BuyPremiumView.swift; sourceTree = "<group>"; };
		6E0517D9218365B700CFA66B /* BlockerView.swift */ = {isa = PBXFileReference; fileEncoding = 4; lastKnownFileType = sourcecode.swift; path = BlockerView.swift; sourceTree = "<group>"; };
		6E4295FA21849A3000FA59B2 /* NavigationController.swift */ = {isa = PBXFileReference; lastKnownFileType = sourcecode.swift; path = NavigationController.swift; sourceTree = "<group>"; };
		6E461B4A215FDDA70007C980 /* contentBlocker.entitlements */ = {isa = PBXFileReference; lastKnownFileType = text.plist.entitlements; path = contentBlocker.entitlements; sourceTree = "<group>"; };
		6E675785215FB1F300A574F7 /* vk.json */ = {isa = PBXFileReference; fileEncoding = 4; lastKnownFileType = text.json; path = vk.json; sourceTree = "<group>"; };
		6E675786215FB1F300A574F7 /* instagram.json */ = {isa = PBXFileReference; fileEncoding = 4; lastKnownFileType = text.json; path = instagram.json; sourceTree = "<group>"; };
		6E675787215FB1F300A574F7 /* twitter.json */ = {isa = PBXFileReference; fileEncoding = 4; lastKnownFileType = text.json; path = twitter.json; sourceTree = "<group>"; };
		6E675788215FB1F300A574F7 /* facebook.json */ = {isa = PBXFileReference; fileEncoding = 4; lastKnownFileType = text.json; path = facebook.json; sourceTree = "<group>"; };
		6F7609E869DC831EAC3D5F9C /* Pods-NoFeed.debug.xcconfig */ = {isa = PBXFileReference; includeInIndex = 1; lastKnownFileType = text.xcconfig; name = "Pods-NoFeed.debug.xcconfig"; path = "Pods/Target Support Files/Pods-NoFeed/Pods-NoFeed.debug.xcconfig"; sourceTree = "<group>"; };
		8003299E2132AE2A00E951ED /* NSLayoutConstraintUtils.swift */ = {isa = PBXFileReference; lastKnownFileType = sourcecode.swift; path = NSLayoutConstraintUtils.swift; sourceTree = "<group>"; };
		80153FFD212FF3BA00694C83 /* UIColorUtils.swift */ = {isa = PBXFileReference; lastKnownFileType = sourcecode.swift; path = UIColorUtils.swift; sourceTree = "<group>"; };
		80224A04215374D00086D2B0 /* contentBlocker.appex */ = {isa = PBXFileReference; explicitFileType = "wrapper.app-extension"; includeInIndex = 0; path = contentBlocker.appex; sourceTree = BUILT_PRODUCTS_DIR; };
		80224A08215374D10086D2B0 /* ContentBlockerRequestHandler.swift */ = {isa = PBXFileReference; lastKnownFileType = sourcecode.swift; path = ContentBlockerRequestHandler.swift; sourceTree = "<group>"; };
		80224A0A215374D10086D2B0 /* Info.plist */ = {isa = PBXFileReference; lastKnownFileType = text.plist.xml; path = Info.plist; sourceTree = "<group>"; };
		802421F721370A720028F10F /* AvenirNext-DemiBold.ttf */ = {isa = PBXFileReference; lastKnownFileType = file; path = "AvenirNext-DemiBold.ttf"; sourceTree = "<group>"; };
		802421F821370A720028F10F /* AvenirNext-Medium.ttf */ = {isa = PBXFileReference; lastKnownFileType = file; path = "AvenirNext-Medium.ttf"; sourceTree = "<group>"; };
		802421F921370A720028F10F /* AvenirNext-Regular.ttf */ = {isa = PBXFileReference; lastKnownFileType = file; path = "AvenirNext-Regular.ttf"; sourceTree = "<group>"; };
		802421FD21370B190028F10F /* UIFontUtils.swift */ = {isa = PBXFileReference; lastKnownFileType = sourcecode.swift; path = UIFontUtils.swift; sourceTree = "<group>"; };
		804EAF1A2157AFAE00ECA055 /* SharedProtocols.swift */ = {isa = PBXFileReference; lastKnownFileType = sourcecode.swift; path = SharedProtocols.swift; sourceTree = "<group>"; };
		805338FB2150EEE700C30E31 /* ShadowView.swift */ = {isa = PBXFileReference; lastKnownFileType = sourcecode.swift; path = ShadowView.swift; sourceTree = "<group>"; };
		8056A54A21345C1700973940 /* BlockerViewController.swift */ = {isa = PBXFileReference; lastKnownFileType = sourcecode.swift; path = BlockerViewController.swift; sourceTree = "<group>"; };
		8056A54E213468C000973940 /* BlockerDataSource.swift */ = {isa = PBXFileReference; lastKnownFileType = sourcecode.swift; path = BlockerDataSource.swift; sourceTree = "<group>"; };
		8056A55021346E1F00973940 /* BlockerCellModel.swift */ = {isa = PBXFileReference; lastKnownFileType = sourcecode.swift; path = BlockerCellModel.swift; sourceTree = "<group>"; };
		8056A55321348BEB00973940 /* BlockerReusableView.swift */ = {isa = PBXFileReference; lastKnownFileType = sourcecode.swift; path = BlockerReusableView.swift; sourceTree = "<group>"; };
		8059EC82212D43AB004B40D1 /* Navigator.swift */ = {isa = PBXFileReference; lastKnownFileType = sourcecode.swift; path = Navigator.swift; sourceTree = "<group>"; };
		8059EC84212D440B004B40D1 /* AppNavigator.swift */ = {isa = PBXFileReference; lastKnownFileType = sourcecode.swift; path = AppNavigator.swift; sourceTree = "<group>"; };
		8059EC86212D467E004B40D1 /* AppCoordinator.swift */ = {isa = PBXFileReference; lastKnownFileType = sourcecode.swift; path = AppCoordinator.swift; sourceTree = "<group>"; };
		8059EC88212D4EFF004B40D1 /* SafariSetupViewController.swift */ = {isa = PBXFileReference; lastKnownFileType = sourcecode.swift; path = SafariSetupViewController.swift; sourceTree = "<group>"; };
		805DB03D218B756100B1A772 /* OnboardingDataSource.swift */ = {isa = PBXFileReference; lastKnownFileType = sourcecode.swift; path = OnboardingDataSource.swift; sourceTree = "<group>"; };
		806066C921692C5400C10A48 /* PopupDialogView.swift */ = {isa = PBXFileReference; lastKnownFileType = sourcecode.swift; path = PopupDialogView.swift; sourceTree = "<group>"; };
		806066CB21692F9F00C10A48 /* UIViewUtils.swift */ = {isa = PBXFileReference; lastKnownFileType = sourcecode.swift; path = UIViewUtils.swift; sourceTree = "<group>"; };
		806749F5212FDCB00084B303 /* OnboardingPageViewController.swift */ = {isa = PBXFileReference; lastKnownFileType = sourcecode.swift; path = OnboardingPageViewController.swift; sourceTree = "<group>"; };
		806ECCF22161098200B12C77 /* PopupView.swift */ = {isa = PBXFileReference; lastKnownFileType = sourcecode.swift; path = PopupView.swift; sourceTree = "<group>"; };
		80719E562182B45B00AA18E7 /* BlockerTableViewCell.swift */ = {isa = PBXFileReference; lastKnownFileType = sourcecode.swift; path = BlockerTableViewCell.swift; sourceTree = "<group>"; };
		807D5CA42187903300034E6C /* RoundButton.swift */ = {isa = PBXFileReference; lastKnownFileType = sourcecode.swift; path = RoundButton.swift; sourceTree = "<group>"; };
		807FA6E1212C72640040AAFF /* GoogleService-Info.plist */ = {isa = PBXFileReference; fileEncoding = 4; lastKnownFileType = text.plist.xml; path = "GoogleService-Info.plist"; sourceTree = "<group>"; };
		80969614211629B5001FA40A /* NetworkExtension.framework */ = {isa = PBXFileReference; lastKnownFileType = wrapper.framework; name = NetworkExtension.framework; path = System/Library/Frameworks/NetworkExtension.framework; sourceTree = SDKROOT; };
		80969616211629B5001FA40A /* NoFeed.entitlements */ = {isa = PBXFileReference; lastKnownFileType = text.plist.entitlements; path = NoFeed.entitlements; sourceTree = "<group>"; };
		80993E63216008D500E2D5D1 /* BlockerRulesProvider.swift */ = {isa = PBXFileReference; lastKnownFileType = sourcecode.swift; path = BlockerRulesProvider.swift; sourceTree = "<group>"; };
		80B863602156E147000AC175 /* ContainerManager.swift */ = {isa = PBXFileReference; lastKnownFileType = sourcecode.swift; name = ContainerManager.swift; path = NoFeed/Shared/ContainerManager.swift; sourceTree = SOURCE_ROOT; };
		80D235FE2149A64300789ED0 /* CustomSwitch.swift */ = {isa = PBXFileReference; lastKnownFileType = sourcecode.swift; path = CustomSwitch.swift; sourceTree = "<group>"; };
		80FE0967211624A7008D07D7 /* NoFeed.app */ = {isa = PBXFileReference; explicitFileType = wrapper.application; includeInIndex = 0; path = NoFeed.app; sourceTree = BUILT_PRODUCTS_DIR; };
		80FE096A211624A7008D07D7 /* AppDelegate.swift */ = {isa = PBXFileReference; lastKnownFileType = sourcecode.swift; path = AppDelegate.swift; sourceTree = "<group>"; };
		80FE096C211624A7008D07D7 /* OnboardingViewController.swift */ = {isa = PBXFileReference; lastKnownFileType = sourcecode.swift; path = OnboardingViewController.swift; sourceTree = "<group>"; };
		80FE0971211624A8008D07D7 /* Assets.xcassets */ = {isa = PBXFileReference; lastKnownFileType = folder.assetcatalog; path = Assets.xcassets; sourceTree = "<group>"; };
		80FE0974211624A8008D07D7 /* Base */ = {isa = PBXFileReference; lastKnownFileType = file.storyboard; name = Base; path = Base.lproj/LaunchScreen.storyboard; sourceTree = "<group>"; };
		80FE0976211624A8008D07D7 /* Info.plist */ = {isa = PBXFileReference; lastKnownFileType = text.plist.xml; path = Info.plist; sourceTree = "<group>"; };
		91662B9F9FB55D3F468AE320 /* Pods_NoFeed.framework */ = {isa = PBXFileReference; explicitFileType = wrapper.framework; includeInIndex = 0; path = Pods_NoFeed.framework; sourceTree = BUILT_PRODUCTS_DIR; };
		E1E31232F26E3B7233913104 /* Pods-NoFeed.release.xcconfig */ = {isa = PBXFileReference; includeInIndex = 1; lastKnownFileType = text.xcconfig; name = "Pods-NoFeed.release.xcconfig"; path = "Pods/Target Support Files/Pods-NoFeed/Pods-NoFeed.release.xcconfig"; sourceTree = "<group>"; };
/* End PBXFileReference section */

/* Begin PBXFrameworksBuildPhase section */
		80224A01215374D00086D2B0 /* Frameworks */ = {
			isa = PBXFrameworksBuildPhase;
			buildActionMask = 2147483647;
			files = (
			);
			runOnlyForDeploymentPostprocessing = 0;
		};
		80FE0964211624A7008D07D7 /* Frameworks */ = {
			isa = PBXFrameworksBuildPhase;
			buildActionMask = 2147483647;
			files = (
				80969615211629B5001FA40A /* NetworkExtension.framework in Frameworks */,
				C69C3DF70AE43C20917DDB84 /* Pods_NoFeed.framework in Frameworks */,
			);
			runOnlyForDeploymentPostprocessing = 0;
		};
/* End PBXFrameworksBuildPhase section */

/* Begin PBXGroup section */
		5439165E88498847DD89F232 /* Pods */ = {
			isa = PBXGroup;
			children = (
				6F7609E869DC831EAC3D5F9C /* Pods-NoFeed.debug.xcconfig */,
				E1E31232F26E3B7233913104 /* Pods-NoFeed.release.xcconfig */,
			);
			name = Pods;
			sourceTree = "<group>";
		};
		80153FFF212FF43000694C83 /* Utils */ = {
			isa = PBXGroup;
			children = (
				80153FFD212FF3BA00694C83 /* UIColorUtils.swift */,
				802421FD21370B190028F10F /* UIFontUtils.swift */,
				8003299E2132AE2A00E951ED /* NSLayoutConstraintUtils.swift */,
				806066CB21692F9F00C10A48 /* UIViewUtils.swift */,
			);
			path = Utils;
			sourceTree = "<group>";
		};
		80224A05215374D10086D2B0 /* contentBlocker */ = {
			isa = PBXGroup;
			children = (
				6E461B4A215FDDA70007C980 /* contentBlocker.entitlements */,
				80224A08215374D10086D2B0 /* ContentBlockerRequestHandler.swift */,
				80993E63216008D500E2D5D1 /* BlockerRulesProvider.swift */,
				6E675788215FB1F300A574F7 /* facebook.json */,
				6E675786215FB1F300A574F7 /* instagram.json */,
				6E675787215FB1F300A574F7 /* twitter.json */,
				6E675785215FB1F300A574F7 /* vk.json */,
				80224A0A215374D10086D2B0 /* Info.plist */,
			);
			path = contentBlocker;
			sourceTree = "<group>";
		};
		802421F5213707060028F10F /* Views */ = {
			isa = PBXGroup;
			children = (
				805338FB2150EEE700C30E31 /* ShadowView.swift */,
				80D235FE2149A64300789ED0 /* CustomSwitch.swift */,
				806ECCF22161098200B12C77 /* PopupView.swift */,
				806066C921692C5400C10A48 /* PopupDialogView.swift */,
				6E0517D9218365B700CFA66B /* BlockerView.swift */,
				80719E562182B45B00AA18E7 /* BlockerTableViewCell.swift */,
				8056A55321348BEB00973940 /* BlockerReusableView.swift */,
				6E0517D72183649200CFA66B /* BuyPremiumView.swift */,
				807D5CA42187903300034E6C /* RoundButton.swift */,
			);
			path = Views;
			sourceTree = "<group>";
		};
		802421F621370A600028F10F /* Resources */ = {
			isa = PBXGroup;
			children = (
				802421F721370A720028F10F /* AvenirNext-DemiBold.ttf */,
				802421F821370A720028F10F /* AvenirNext-Medium.ttf */,
				802421F921370A720028F10F /* AvenirNext-Regular.ttf */,
			);
			path = Resources;
			sourceTree = "<group>";
		};
		804EAF192157ADAC00ECA055 /* Shared */ = {
			isa = PBXGroup;
			children = (
				804EAF1A2157AFAE00ECA055 /* SharedProtocols.swift */,
				80B863602156E147000AC175 /* ContainerManager.swift */,
			);
			path = Shared;
			sourceTree = "<group>";
		};
		8056A55221346E3D00973940 /* Models */ = {
			isa = PBXGroup;
			children = (
				805DB03D218B756100B1A772 /* OnboardingDataSource.swift */,
				8056A54E213468C000973940 /* BlockerDataSource.swift */,
				8056A55021346E1F00973940 /* BlockerCellModel.swift */,
			);
			path = Models;
			sourceTree = "<group>";
		};
		8059EC80212D4307004B40D1 /* Navigation */ = {
			isa = PBXGroup;
			children = (
				8059EC82212D43AB004B40D1 /* Navigator.swift */,
				8059EC84212D440B004B40D1 /* AppNavigator.swift */,
				8059EC86212D467E004B40D1 /* AppCoordinator.swift */,
			);
			path = Navigation;
			sourceTree = "<group>";
		};
		8059EC81212D4324004B40D1 /* Support */ = {
			isa = PBXGroup;
			children = (
				80969616211629B5001FA40A /* NoFeed.entitlements */,
				807FA6E1212C72640040AAFF /* GoogleService-Info.plist */,
				80FE0976211624A8008D07D7 /* Info.plist */,
			);
			path = Support;
			sourceTree = "<group>";
		};
		806749F7212FDCB90084B303 /* View Controllers */ = {
			isa = PBXGroup;
			children = (
				8059EC88212D4EFF004B40D1 /* SafariSetupViewController.swift */,
				6E4295FA21849A3000FA59B2 /* NavigationController.swift */,
				806749F5212FDCB00084B303 /* OnboardingPageViewController.swift */,
				80FE096C211624A7008D07D7 /* OnboardingViewController.swift */,
				8056A54A21345C1700973940 /* BlockerViewController.swift */,
			);
			path = "View Controllers";
			sourceTree = "<group>";
		};
		80969613211629B5001FA40A /* Frameworks */ = {
			isa = PBXGroup;
			children = (
				80969614211629B5001FA40A /* NetworkExtension.framework */,
				91662B9F9FB55D3F468AE320 /* Pods_NoFeed.framework */,
			);
			name = Frameworks;
			sourceTree = "<group>";
		};
		80FE095E211624A7008D07D7 = {
			isa = PBXGroup;
			children = (
				80FE0969211624A7008D07D7 /* NoFeed */,
				80224A05215374D10086D2B0 /* contentBlocker */,
				80FE0968211624A7008D07D7 /* Products */,
				80969613211629B5001FA40A /* Frameworks */,
				5439165E88498847DD89F232 /* Pods */,
			);
			sourceTree = "<group>";
		};
		80FE0968211624A7008D07D7 /* Products */ = {
			isa = PBXGroup;
			children = (
				80FE0967211624A7008D07D7 /* NoFeed.app */,
				80224A04215374D00086D2B0 /* contentBlocker.appex */,
			);
			name = Products;
			sourceTree = "<group>";
		};
		80FE0969211624A7008D07D7 /* NoFeed */ = {
			isa = PBXGroup;
			children = (
				8059EC80212D4307004B40D1 /* Navigation */,
				806749F7212FDCB90084B303 /* View Controllers */,
				8056A55221346E3D00973940 /* Models */,
				802421F5213707060028F10F /* Views */,
				80153FFF212FF43000694C83 /* Utils */,
				804EAF192157ADAC00ECA055 /* Shared */,
				80FE096A211624A7008D07D7 /* AppDelegate.swift */,
				80FE0973211624A8008D07D7 /* LaunchScreen.storyboard */,
				802421F621370A600028F10F /* Resources */,
				8059EC81212D4324004B40D1 /* Support */,
				80FE0971211624A8008D07D7 /* Assets.xcassets */,
			);
			path = NoFeed;
			sourceTree = "<group>";
		};
/* End PBXGroup section */

/* Begin PBXNativeTarget section */
		80224A03215374D00086D2B0 /* contentBlocker */ = {
			isa = PBXNativeTarget;
			buildConfigurationList = 80224A0F215374D10086D2B0 /* Build configuration list for PBXNativeTarget "contentBlocker" */;
			buildPhases = (
				80224A00215374D00086D2B0 /* Sources */,
				80224A01215374D00086D2B0 /* Frameworks */,
				80224A02215374D00086D2B0 /* Resources */,
			);
			buildRules = (
			);
			dependencies = (
			);
			name = contentBlocker;
			productName = contentBlocker;
			productReference = 80224A04215374D00086D2B0 /* contentBlocker.appex */;
			productType = "com.apple.product-type.app-extension";
		};
		80FE0966211624A7008D07D7 /* NoFeed */ = {
			isa = PBXNativeTarget;
			buildConfigurationList = 80FE0979211624A8008D07D7 /* Build configuration list for PBXNativeTarget "NoFeed" */;
			buildPhases = (
				D271196D66AB73EC00FB2561 /* [CP] Check Pods Manifest.lock */,
				80FE0963211624A7008D07D7 /* Sources */,
				80FE0964211624A7008D07D7 /* Frameworks */,
				80FE0965211624A7008D07D7 /* Resources */,
				3D47A3635CCE0954D89DBF8F /* [CP] Embed Pods Frameworks */,
				8082B7D3212C757A00E19DDB /* Run Script */,
				80224A0D215374D10086D2B0 /* Embed App Extensions */,
			);
			buildRules = (
			);
			dependencies = (
				80224A0C215374D10086D2B0 /* PBXTargetDependency */,
			);
			name = NoFeed;
			productName = NoFeed;
			productReference = 80FE0967211624A7008D07D7 /* NoFeed.app */;
			productType = "com.apple.product-type.application";
		};
/* End PBXNativeTarget section */

/* Begin PBXProject section */
		80FE095F211624A7008D07D7 /* Project object */ = {
			isa = PBXProject;
			attributes = {
				LastSwiftUpdateCheck = 0930;
				LastUpgradeCheck = 1000;
				ORGANIZATIONNAME = "Vova Seuruk";
				TargetAttributes = {
					80224A03215374D00086D2B0 = {
						CreatedOnToolsVersion = 9.3;
						LastSwiftMigration = 1000;
						SystemCapabilities = {
							com.apple.ApplicationGroups.iOS = {
								enabled = 1;
							};
						};
					};
					80FE0966211624A7008D07D7 = {
						CreatedOnToolsVersion = 9.3;
						LastSwiftMigration = 1000;
						SystemCapabilities = {
							com.apple.ApplicationGroups.iOS = {
								enabled = 1;
							};
							com.apple.NetworkExtensions.iOS = {
								enabled = 1;
							};
						};
					};
				};
			};
			buildConfigurationList = 80FE0962211624A7008D07D7 /* Build configuration list for PBXProject "NoFeed" */;
			compatibilityVersion = "Xcode 9.3";
			developmentRegion = en;
			hasScannedForEncodings = 0;
			knownRegions = (
				en,
				Base,
			);
			mainGroup = 80FE095E211624A7008D07D7;
			productRefGroup = 80FE0968211624A7008D07D7 /* Products */;
			projectDirPath = "";
			projectRoot = "";
			targets = (
				80FE0966211624A7008D07D7 /* NoFeed */,
				80224A03215374D00086D2B0 /* contentBlocker */,
			);
		};
/* End PBXProject section */

/* Begin PBXResourcesBuildPhase section */
		80224A02215374D00086D2B0 /* Resources */ = {
			isa = PBXResourcesBuildPhase;
			buildActionMask = 2147483647;
			files = (
				6E67578A215FB1F300A574F7 /* instagram.json in Resources */,
				6E675789215FB1F300A574F7 /* vk.json in Resources */,
				6E67578B215FB1F300A574F7 /* twitter.json in Resources */,
				6E67578C215FB1F300A574F7 /* facebook.json in Resources */,
			);
			runOnlyForDeploymentPostprocessing = 0;
		};
		80FE0965211624A7008D07D7 /* Resources */ = {
			isa = PBXResourcesBuildPhase;
			buildActionMask = 2147483647;
			files = (
				802421FB21370A720028F10F /* AvenirNext-Medium.ttf in Resources */,
				802421FA21370A720028F10F /* AvenirNext-DemiBold.ttf in Resources */,
				80FE0975211624A8008D07D7 /* LaunchScreen.storyboard in Resources */,
				807FA6E2212C72640040AAFF /* GoogleService-Info.plist in Resources */,
				80FE0972211624A8008D07D7 /* Assets.xcassets in Resources */,
				802421FC21370A720028F10F /* AvenirNext-Regular.ttf in Resources */,
			);
			runOnlyForDeploymentPostprocessing = 0;
		};
/* End PBXResourcesBuildPhase section */

/* Begin PBXShellScriptBuildPhase section */
		3D47A3635CCE0954D89DBF8F /* [CP] Embed Pods Frameworks */ = {
			isa = PBXShellScriptBuildPhase;
			buildActionMask = 2147483647;
			files = (
			);
			inputPaths = (
				"${SRCROOT}/Pods/Target Support Files/Pods-NoFeed/Pods-NoFeed-frameworks.sh",
				"${BUILT_PRODUCTS_DIR}/GoogleToolboxForMac/GoogleToolboxForMac.framework",
				"${BUILT_PRODUCTS_DIR}/InsiderPageControl/InsiderPageControl.framework",
				"${BUILT_PRODUCTS_DIR}/nanopb/nanopb.framework",
			);
			name = "[CP] Embed Pods Frameworks";
			outputPaths = (
				"${TARGET_BUILD_DIR}/${FRAMEWORKS_FOLDER_PATH}/GoogleToolboxForMac.framework",
				"${TARGET_BUILD_DIR}/${FRAMEWORKS_FOLDER_PATH}/InsiderPageControl.framework",
				"${TARGET_BUILD_DIR}/${FRAMEWORKS_FOLDER_PATH}/nanopb.framework",
			);
			runOnlyForDeploymentPostprocessing = 0;
			shellPath = /bin/sh;
			shellScript = "\"${SRCROOT}/Pods/Target Support Files/Pods-NoFeed/Pods-NoFeed-frameworks.sh\"\n";
			showEnvVarsInLog = 0;
		};
		8082B7D3212C757A00E19DDB /* Run Script */ = {
			isa = PBXShellScriptBuildPhase;
			buildActionMask = 2147483647;
			files = (
			);
			inputPaths = (
			);
			name = "Run Script";
			outputPaths = (
			);
			runOnlyForDeploymentPostprocessing = 0;
			shellPath = /bin/sh;
			shellScript = "\"${PODS_ROOT}/Fabric/run\"\n";
		};
		D271196D66AB73EC00FB2561 /* [CP] Check Pods Manifest.lock */ = {
			isa = PBXShellScriptBuildPhase;
			buildActionMask = 2147483647;
			files = (
			);
			inputPaths = (
				"${PODS_PODFILE_DIR_PATH}/Podfile.lock",
				"${PODS_ROOT}/Manifest.lock",
			);
			name = "[CP] Check Pods Manifest.lock";
			outputPaths = (
				"$(DERIVED_FILE_DIR)/Pods-NoFeed-checkManifestLockResult.txt",
			);
			runOnlyForDeploymentPostprocessing = 0;
			shellPath = /bin/sh;
			shellScript = "diff \"${PODS_PODFILE_DIR_PATH}/Podfile.lock\" \"${PODS_ROOT}/Manifest.lock\" > /dev/null\nif [ $? != 0 ] ; then\n    # print error to STDERR\n    echo \"error: The sandbox is not in sync with the Podfile.lock. Run 'pod install' or update your CocoaPods installation.\" >&2\n    exit 1\nfi\n# This output is used by Xcode 'outputs' to avoid re-running this script phase.\necho \"SUCCESS\" > \"${SCRIPT_OUTPUT_FILE_0}\"\n";
			showEnvVarsInLog = 0;
		};
/* End PBXShellScriptBuildPhase section */

/* Begin PBXSourcesBuildPhase section */
		80224A00215374D00086D2B0 /* Sources */ = {
			isa = PBXSourcesBuildPhase;
			buildActionMask = 2147483647;
			files = (
				80224A09215374D10086D2B0 /* ContentBlockerRequestHandler.swift in Sources */,
				80993E64216008D500E2D5D1 /* BlockerRulesProvider.swift in Sources */,
				804EAF1C2157B0E300ECA055 /* SharedProtocols.swift in Sources */,
				6E67578D215FB39900A574F7 /* ContainerManager.swift in Sources */,
			);
			runOnlyForDeploymentPostprocessing = 0;
		};
		80FE0963211624A7008D07D7 /* Sources */ = {
			isa = PBXSourcesBuildPhase;
			buildActionMask = 2147483647;
			files = (
				80FE096D211624A7008D07D7 /* OnboardingViewController.swift in Sources */,
				8003299F2132AE2A00E951ED /* NSLayoutConstraintUtils.swift in Sources */,
				80719E572182B45B00AA18E7 /* BlockerTableViewCell.swift in Sources */,
				804EAF1B2157AFAE00ECA055 /* SharedProtocols.swift in Sources */,
				8059EC85212D440B004B40D1 /* AppNavigator.swift in Sources */,
				8059EC89212D4EFF004B40D1 /* SafariSetupViewController.swift in Sources */,
				807D5CA52187903300034E6C /* RoundButton.swift in Sources */,
				8056A55121346E1F00973940 /* BlockerCellModel.swift in Sources */,
				80153FFE212FF3BA00694C83 /* UIColorUtils.swift in Sources */,
				8056A55421348BEB00973940 /* BlockerReusableView.swift in Sources */,
				802421FE21370B190028F10F /* UIFontUtils.swift in Sources */,
				8059EC87212D467E004B40D1 /* AppCoordinator.swift in Sources */,
				806ECCF32161098200B12C77 /* PopupView.swift in Sources */,
				80D235FF2149A64300789ED0 /* CustomSwitch.swift in Sources */,
				8056A54F213468C000973940 /* BlockerDataSource.swift in Sources */,
				80FE096B211624A7008D07D7 /* AppDelegate.swift in Sources */,
				806749F6212FDCB00084B303 /* OnboardingPageViewController.swift in Sources */,
				806066CA21692C5400C10A48 /* PopupDialogView.swift in Sources */,
				80B863612156E147000AC175 /* ContainerManager.swift in Sources */,
				8059EC83212D43AB004B40D1 /* Navigator.swift in Sources */,
				6E0517D82183649200CFA66B /* BuyPremiumView.swift in Sources */,
				6E4295FB21849A3000FA59B2 /* NavigationController.swift in Sources */,
				6E0517DA218365B700CFA66B /* BlockerView.swift in Sources */,
				805338FC2150EEE700C30E31 /* ShadowView.swift in Sources */,
				805DB03E218B756100B1A772 /* OnboardingDataSource.swift in Sources */,
				806066CC21692F9F00C10A48 /* UIViewUtils.swift in Sources */,
				8056A54B21345C1700973940 /* BlockerViewController.swift in Sources */,
			);
			runOnlyForDeploymentPostprocessing = 0;
		};
/* End PBXSourcesBuildPhase section */

/* Begin PBXTargetDependency section */
		80224A0C215374D10086D2B0 /* PBXTargetDependency */ = {
			isa = PBXTargetDependency;
			target = 80224A03215374D00086D2B0 /* contentBlocker */;
			targetProxy = 80224A0B215374D10086D2B0 /* PBXContainerItemProxy */;
		};
/* End PBXTargetDependency section */

/* Begin PBXVariantGroup section */
		80FE0973211624A8008D07D7 /* LaunchScreen.storyboard */ = {
			isa = PBXVariantGroup;
			children = (
				80FE0974211624A8008D07D7 /* Base */,
			);
			name = LaunchScreen.storyboard;
			sourceTree = "<group>";
		};
/* End PBXVariantGroup section */

/* Begin XCBuildConfiguration section */
		80224A10215374D10086D2B0 /* Debug */ = {
			isa = XCBuildConfiguration;
			buildSettings = {
				ALWAYS_EMBED_SWIFT_STANDARD_LIBRARIES = "$(inherited)";
				CODE_SIGN_ENTITLEMENTS = contentBlocker/contentBlocker.entitlements;
				CODE_SIGN_STYLE = Automatic;
				DEVELOPMENT_TEAM = 7UALYYJUG6;
				INFOPLIST_FILE = contentBlocker/Info.plist;
				LD_RUNPATH_SEARCH_PATHS = (
					"$(inherited)",
					"@executable_path/Frameworks",
					"@executable_path/../../Frameworks",
				);
				PRODUCT_BUNDLE_IDENTIFIER = com.svg.NoFeed.contentBlocker;
				PRODUCT_NAME = "$(TARGET_NAME)";
				SKIP_INSTALL = YES;
				SWIFT_VERSION = 4.2;
				TARGETED_DEVICE_FAMILY = "1,2";
			};
			name = Debug;
		};
		80224A11215374D10086D2B0 /* Release */ = {
			isa = XCBuildConfiguration;
			buildSettings = {
				ALWAYS_EMBED_SWIFT_STANDARD_LIBRARIES = "$(inherited)";
				CODE_SIGN_ENTITLEMENTS = contentBlocker/contentBlocker.entitlements;
				CODE_SIGN_STYLE = Automatic;
				DEVELOPMENT_TEAM = 7UALYYJUG6;
				INFOPLIST_FILE = contentBlocker/Info.plist;
				LD_RUNPATH_SEARCH_PATHS = (
					"$(inherited)",
					"@executable_path/Frameworks",
					"@executable_path/../../Frameworks",
				);
				PRODUCT_BUNDLE_IDENTIFIER = com.svg.NoFeed.contentBlocker;
				PRODUCT_NAME = "$(TARGET_NAME)";
				SKIP_INSTALL = YES;
				SWIFT_VERSION = 4.2;
				TARGETED_DEVICE_FAMILY = "1,2";
			};
			name = Release;
		};
		80FE0977211624A8008D07D7 /* Debug */ = {
			isa = XCBuildConfiguration;
			buildSettings = {
				ALWAYS_EMBED_SWIFT_STANDARD_LIBRARIES = "$(inherited)";
				ALWAYS_SEARCH_USER_PATHS = NO;
				CLANG_ANALYZER_NONNULL = YES;
				CLANG_ANALYZER_NUMBER_OBJECT_CONVERSION = YES_AGGRESSIVE;
				CLANG_CXX_LANGUAGE_STANDARD = "gnu++14";
				CLANG_CXX_LIBRARY = "libc++";
				CLANG_ENABLE_MODULES = YES;
				CLANG_ENABLE_OBJC_ARC = YES;
				CLANG_ENABLE_OBJC_WEAK = YES;
				CLANG_WARN_BLOCK_CAPTURE_AUTORELEASING = YES;
				CLANG_WARN_BOOL_CONVERSION = YES;
				CLANG_WARN_COMMA = YES;
				CLANG_WARN_CONSTANT_CONVERSION = YES;
				CLANG_WARN_DEPRECATED_OBJC_IMPLEMENTATIONS = YES;
				CLANG_WARN_DIRECT_OBJC_ISA_USAGE = YES_ERROR;
				CLANG_WARN_DOCUMENTATION_COMMENTS = YES;
				CLANG_WARN_EMPTY_BODY = YES;
				CLANG_WARN_ENUM_CONVERSION = YES;
				CLANG_WARN_INFINITE_RECURSION = YES;
				CLANG_WARN_INT_CONVERSION = YES;
				CLANG_WARN_NON_LITERAL_NULL_CONVERSION = YES;
				CLANG_WARN_OBJC_IMPLICIT_RETAIN_SELF = YES;
				CLANG_WARN_OBJC_LITERAL_CONVERSION = YES;
				CLANG_WARN_OBJC_ROOT_CLASS = YES_ERROR;
				CLANG_WARN_RANGE_LOOP_ANALYSIS = YES;
				CLANG_WARN_STRICT_PROTOTYPES = YES;
				CLANG_WARN_SUSPICIOUS_MOVE = YES;
				CLANG_WARN_UNGUARDED_AVAILABILITY = YES_AGGRESSIVE;
				CLANG_WARN_UNREACHABLE_CODE = YES;
				CLANG_WARN__DUPLICATE_METHOD_MATCH = YES;
				CODE_SIGN_IDENTITY = "iPhone Developer";
				COPY_PHASE_STRIP = NO;
				DEBUG_INFORMATION_FORMAT = dwarf;
				ENABLE_STRICT_OBJC_MSGSEND = YES;
				ENABLE_TESTABILITY = YES;
				GCC_C_LANGUAGE_STANDARD = gnu11;
				GCC_DYNAMIC_NO_PIC = NO;
				GCC_NO_COMMON_BLOCKS = YES;
				GCC_OPTIMIZATION_LEVEL = 0;
				GCC_PREPROCESSOR_DEFINITIONS = (
					"DEBUG=1",
					"$(inherited)",
				);
				GCC_WARN_64_TO_32_BIT_CONVERSION = YES;
				GCC_WARN_ABOUT_RETURN_TYPE = YES_ERROR;
				GCC_WARN_UNDECLARED_SELECTOR = YES;
				GCC_WARN_UNINITIALIZED_AUTOS = YES_AGGRESSIVE;
				GCC_WARN_UNUSED_FUNCTION = YES;
				GCC_WARN_UNUSED_VARIABLE = YES;
				IPHONEOS_DEPLOYMENT_TARGET = 11.3;
				MTL_ENABLE_DEBUG_INFO = YES;
				ONLY_ACTIVE_ARCH = YES;
				SDKROOT = iphoneos;
				SWIFT_ACTIVE_COMPILATION_CONDITIONS = DEBUG;
				SWIFT_OPTIMIZATION_LEVEL = "-Onone";
			};
			name = Debug;
		};
		80FE0978211624A8008D07D7 /* Release */ = {
			isa = XCBuildConfiguration;
			buildSettings = {
				ALWAYS_EMBED_SWIFT_STANDARD_LIBRARIES = "$(inherited)";
				ALWAYS_SEARCH_USER_PATHS = NO;
				CLANG_ANALYZER_NONNULL = YES;
				CLANG_ANALYZER_NUMBER_OBJECT_CONVERSION = YES_AGGRESSIVE;
				CLANG_CXX_LANGUAGE_STANDARD = "gnu++14";
				CLANG_CXX_LIBRARY = "libc++";
				CLANG_ENABLE_MODULES = YES;
				CLANG_ENABLE_OBJC_ARC = YES;
				CLANG_ENABLE_OBJC_WEAK = YES;
				CLANG_WARN_BLOCK_CAPTURE_AUTORELEASING = YES;
				CLANG_WARN_BOOL_CONVERSION = YES;
				CLANG_WARN_COMMA = YES;
				CLANG_WARN_CONSTANT_CONVERSION = YES;
				CLANG_WARN_DEPRECATED_OBJC_IMPLEMENTATIONS = YES;
				CLANG_WARN_DIRECT_OBJC_ISA_USAGE = YES_ERROR;
				CLANG_WARN_DOCUMENTATION_COMMENTS = YES;
				CLANG_WARN_EMPTY_BODY = YES;
				CLANG_WARN_ENUM_CONVERSION = YES;
				CLANG_WARN_INFINITE_RECURSION = YES;
				CLANG_WARN_INT_CONVERSION = YES;
				CLANG_WARN_NON_LITERAL_NULL_CONVERSION = YES;
				CLANG_WARN_OBJC_IMPLICIT_RETAIN_SELF = YES;
				CLANG_WARN_OBJC_LITERAL_CONVERSION = YES;
				CLANG_WARN_OBJC_ROOT_CLASS = YES_ERROR;
				CLANG_WARN_RANGE_LOOP_ANALYSIS = YES;
				CLANG_WARN_STRICT_PROTOTYPES = YES;
				CLANG_WARN_SUSPICIOUS_MOVE = YES;
				CLANG_WARN_UNGUARDED_AVAILABILITY = YES_AGGRESSIVE;
				CLANG_WARN_UNREACHABLE_CODE = YES;
				CLANG_WARN__DUPLICATE_METHOD_MATCH = YES;
				CODE_SIGN_IDENTITY = "iPhone Developer";
				COPY_PHASE_STRIP = NO;
				DEBUG_INFORMATION_FORMAT = "dwarf-with-dsym";
				ENABLE_NS_ASSERTIONS = NO;
				ENABLE_STRICT_OBJC_MSGSEND = YES;
				GCC_C_LANGUAGE_STANDARD = gnu11;
				GCC_NO_COMMON_BLOCKS = YES;
				GCC_WARN_64_TO_32_BIT_CONVERSION = YES;
				GCC_WARN_ABOUT_RETURN_TYPE = YES_ERROR;
				GCC_WARN_UNDECLARED_SELECTOR = YES;
				GCC_WARN_UNINITIALIZED_AUTOS = YES_AGGRESSIVE;
				GCC_WARN_UNUSED_FUNCTION = YES;
				GCC_WARN_UNUSED_VARIABLE = YES;
				IPHONEOS_DEPLOYMENT_TARGET = 11.3;
				MTL_ENABLE_DEBUG_INFO = NO;
				SDKROOT = iphoneos;
				SWIFT_COMPILATION_MODE = wholemodule;
				SWIFT_OPTIMIZATION_LEVEL = "-O";
				VALIDATE_PRODUCT = YES;
			};
			name = Release;
		};
		80FE097A211624A8008D07D7 /* Debug */ = {
			isa = XCBuildConfiguration;
			baseConfigurationReference = 6F7609E869DC831EAC3D5F9C /* Pods-NoFeed.debug.xcconfig */;
			buildSettings = {
				ALWAYS_EMBED_SWIFT_STANDARD_LIBRARIES = "$(inherited)";
				ASSETCATALOG_COMPILER_APPICON_NAME = AppIcon;
				CODE_SIGN_ENTITLEMENTS = NoFeed/Support/NoFeed.entitlements;
				CODE_SIGN_STYLE = Automatic;
				DEVELOPMENT_TEAM = 7UALYYJUG6;
				INFOPLIST_FILE = "$(SRCROOT)/NoFeed/Support/Info.plist";
				IPHONEOS_DEPLOYMENT_TARGET = 9.0;
				LD_RUNPATH_SEARCH_PATHS = (
					"$(inherited)",
					"@executable_path/Frameworks",
				);
				PRODUCT_BUNDLE_IDENTIFIER = com.svg.NoFeed;
				PRODUCT_NAME = "$(TARGET_NAME)";
				SWIFT_VERSION = 4.2;
				TARGETED_DEVICE_FAMILY = "1,2";
			};
			name = Debug;
		};
		80FE097B211624A8008D07D7 /* Release */ = {
			isa = XCBuildConfiguration;
			baseConfigurationReference = E1E31232F26E3B7233913104 /* Pods-NoFeed.release.xcconfig */;
			buildSettings = {
				ALWAYS_EMBED_SWIFT_STANDARD_LIBRARIES = "$(inherited)";
				ASSETCATALOG_COMPILER_APPICON_NAME = AppIcon;
				CODE_SIGN_ENTITLEMENTS = NoFeed/Support/NoFeed.entitlements;
				CODE_SIGN_STYLE = Automatic;
				DEVELOPMENT_TEAM = 7UALYYJUG6;
				INFOPLIST_FILE = "$(SRCROOT)/NoFeed/Support/Info.plist";
				IPHONEOS_DEPLOYMENT_TARGET = 9.0;
				LD_RUNPATH_SEARCH_PATHS = (
					"$(inherited)",
					"@executable_path/Frameworks",
				);
				PRODUCT_BUNDLE_IDENTIFIER = com.svg.NoFeed;
				PRODUCT_NAME = "$(TARGET_NAME)";
				SWIFT_VERSION = 4.2;
				TARGETED_DEVICE_FAMILY = "1,2";
			};
			name = Release;
		};
/* End XCBuildConfiguration section */

/* Begin XCConfigurationList section */
		80224A0F215374D10086D2B0 /* Build configuration list for PBXNativeTarget "contentBlocker" */ = {
			isa = XCConfigurationList;
			buildConfigurations = (
				80224A10215374D10086D2B0 /* Debug */,
				80224A11215374D10086D2B0 /* Release */,
			);
			defaultConfigurationIsVisible = 0;
			defaultConfigurationName = Release;
		};
		80FE0962211624A7008D07D7 /* Build configuration list for PBXProject "NoFeed" */ = {
			isa = XCConfigurationList;
			buildConfigurations = (
				80FE0977211624A8008D07D7 /* Debug */,
				80FE0978211624A8008D07D7 /* Release */,
			);
			defaultConfigurationIsVisible = 0;
			defaultConfigurationName = Release;
		};
		80FE0979211624A8008D07D7 /* Build configuration list for PBXNativeTarget "NoFeed" */ = {
			isa = XCConfigurationList;
			buildConfigurations = (
				80FE097A211624A8008D07D7 /* Debug */,
				80FE097B211624A8008D07D7 /* Release */,
			);
			defaultConfigurationIsVisible = 0;
			defaultConfigurationName = Release;
		};
/* End XCConfigurationList section */
	};
	rootObject = 80FE095F211624A7008D07D7 /* Project object */;
}
